default:
    suites:
        ui_string_block:
            contexts:
                - Behat\MinkExtension\Context\MinkContext
                - AppBundle\Behat\ApiContext
                - AppBundle\Behat\UtilsContext
                - AppBundle\Behat\UserContext
                - AppBundle\Behat\PhpcrContext
                - AppBundle\Behat\StringBlockContext
            filters:
                tags: "@stringBlock && @ui"