app_backend_string_block_create:
    methods: [GET, POST]
    path: /string-blocks/new
    defaults:
      _controller: app.controller.string_block:createAction
      _sylius:
          section: backend
          template: backend/crud/create.html.twig

app_backend_string_block_update:
    methods: [GET, PUT, PATCH]
    path: /string-blocks/{id}/edit
    defaults:
      _controller: app.controller.string_block:updateAction
      _sylius:
          section: backend
          template: backend/crud/update.html.twig
    requirements:
        id: ".+"

app_backend_string_block_delete:
    methods: [DELETE]
    path: /string-blocks/{id}
    defaults:
      _controller: app.controller.string_block:deleteAction
      _sylius:
          section: backend
    requirements:
        id: ".+"

app_backend_string_block_index:
    methods: [GET]
    path: /string-blocks/
    defaults:
      _controller: app.controller.string_block:indexAction
      _sylius:
          section: backend
          template: backend/string_block/index.html.twig
          filterable: true
          vars:
              icon: font
              subheader: app.ui.manage_string_blocks